
Microsoft Visual Studio Solution File, Format Version 12.00
# Visual Studio Version 17
VisualStudioVersion = 17.14.36518.9 d17.14
MinimumVisualStudioVersion = 10.0.40219.1
Project("{FAE04EC0-301F-11D3-BF4B-00C04F79EFBC}") = "19 - Full Real Project - DVLD2", "19 - Full Real Project - DVLD2.csproj", "{4A5BC372-84F3-4D2F-94B3-5269F90D33B7}"
EndProject
Project("{FAE04EC0-301F-11D3-BF4B-00C04F79EFBC}") = "DVLD_BusinessLayer", "..\DVLD_BusinessLayer\DVLD_BusinessLayer.csproj", "{F2BC316A-C45A-4DC8-B689-06977BC53938}"
EndProject
Project("{FAE04EC0-301F-11D3-BF4B-00C04F79EFBC}") = "DVLD_DataAccessLayer", "..\DataAccessLayer\DVLD_DataAccessLayer.csproj", "{1E925413-5431-4BB3-BEDE-75CA00DC9D9A}"
EndProject
Global
	GlobalSection(SolutionConfigurationPlatforms) = preSolution
		Debug|Any CPU = Debug|Any CPU
		Release|Any CPU = Release|Any CPU
	EndGlobalSection
	GlobalSection(ProjectConfigurationPlatforms) = postSolution
		{4A5BC372-84F3-4D2F-94B3-5269F90D33B7}.Debug|Any CPU.ActiveCfg = Debug|Any CPU
		{4A5BC372-84F3-4D2F-94B3-5269F90D33B7}.Debug|Any CPU.Build.0 = Debug|Any CPU
		{4A5BC372-84F3-4D2F-94B3-5269F90D33B7}.Release|Any CPU.ActiveCfg = Release|Any CPU
		{4A5BC372-84F3-4D2F-94B3-5269F90D33B7}.Release|Any CPU.Build.0 = Release|Any CPU
		{F2BC316A-C45A-4DC8-B689-06977BC53938}.Debug|Any CPU.ActiveCfg = Debug|Any CPU
		{F2BC316A-C45A-4DC8-B689-06977BC53938}.Debug|Any CPU.Build.0 = Debug|Any CPU
		{F2BC316A-C45A-4DC8-B689-06977BC53938}.Release|Any CPU.ActiveCfg = Release|Any CPU
		{F2BC316A-C45A-4DC8-B689-06977BC53938}.Release|Any CPU.Build.0 = Release|Any CPU
		{1E925413-5431-4BB3-BEDE-75CA00DC9D9A}.Debug|Any CPU.ActiveCfg = Debug|Any CPU
		{1E925413-5431-4BB3-BEDE-75CA00DC9D9A}.Debug|Any CPU.Build.0 = Debug|Any CPU
		{1E925413-5431-4BB3-BEDE-75CA00DC9D9A}.Release|Any CPU.ActiveCfg = Release|Any CPU
		{1E925413-5431-4BB3-BEDE-75CA00DC9D9A}.Release|Any CPU.Build.0 = Release|Any CPU
	EndGlobalSection
	GlobalSection(SolutionProperties) = preSolution
		HideSolutionNode = FALSE
	EndGlobalSection
	GlobalSection(ExtensibilityGlobals) = postSolution
		SolutionGuid = {FD494303-E0BF-46F7-9926-39D6738EEE1D}
	EndGlobalSection
EndGlobal
